
Microsoft Visual Studio Solution File, Format Version 12.00
# Visual Studio Version 17
VisualStudioVersion = 17.6.33723.286
MinimumVisualStudioVersion = 10.0.40219.1
Project("{9A19103F-16F7-4668-BE54-9A1E7A4F7556}") = "LeetCode", "LeetCode.csproj", "{1DA86E19-C392-4BC5-AA93-80F2F0BEC329}"
EndProject
Global
	GlobalSection(SolutionConfigurationPlatforms) = preSolution
		Debug|Any CPU = Debug|Any CPU
		Release|Any CPU = Release|Any CPU
	EndGlobalSection
	GlobalSection(ProjectConfigurationPlatforms) = postSolution
		{1DA86E19-C392-4BC5-AA93-80F2F0BEC329}.Debug|Any CPU.ActiveCfg = Debug|Any CPU
		{1DA86E19-C392-4BC5-AA93-80F2F0BEC329}.Debug|Any CPU.Build.0 = Debug|Any CPU
		{1DA86E19-C392-4BC5-AA93-80F2F0BEC329}.Release|Any CPU.ActiveCfg = Release|Any CPU
		{1DA86E19-C392-4BC5-AA93-80F2F0BEC329}.Release|Any CPU.Build.0 = Release|Any CPU
	EndGlobalSection
	GlobalSection(SolutionProperties) = preSolution
		HideSolutionNode = FALSE
	EndGlobalSection
	GlobalSection(ExtensibilityGlobals) = postSolution
		SolutionGuid = {E109F8AC-C0D3-4404-B5A1-66C5C9BD5736}
	EndGlobalSection
EndGlobal
